{
  "requires": true,
  "lockfileVersion": 1,
  "dependencies": {
    "@angular/animations": {
      "version": "13.3.2",
      "resolved": "https://registry.npmjs.org/@angular/animations/-/animations-13.3.2.tgz",
      "integrity": "sha512-n00j/8MT6kLr2yC1mJIC9DNdDvmgc+oAr/C9reZv2Q+zdff90JIjRyEICPC2YNMGwxMza51w6g7SX+H1rsDq0Q==",
      "requires": {
        "tslib": "^2.3.0"
      }
    },
    "@angular/cdk": {
      "version": "13.3.2",
      "resolved": "https://registry.npmjs.org/@angular/cdk/-/cdk-13.3.2.tgz",
      "integrity": "sha512-Rb+SvQpjXqa0kedk/6nG57f8dC4uG1q35SR6mt6jCz84ikyS2zhikVbzaxLdG15uDvq1+N5Vx3NTSgH19XUSug==",
      "requires": {
        "parse5": "^5.0.0",
        "tslib": "^2.3.0"
      }
    },
    "@angular/material": {
      "version": "13.3.2",
      "resolved": "https://registry.npmjs.org/@angular/material/-/material-13.3.2.tgz",
      "integrity": "sha512-agIuNcN1wO05ODEXc0wwrMK2ydnhPGO8tcBBCJXrDgiA/ktwm+WtfOsiZwPoev7aJ8pactVhxT5R0bJ6vW2SmA==",
      "requires": {
        "tslib": "^2.3.0"
      }
    },
    "parse5": {
      "version": "5.1.1",
      "resolved": "https://registry.npmjs.org/parse5/-/parse5-5.1.1.tgz",
      "integrity": "sha512-ugq4DFI0Ptb+WWjAdOK16+u/nHfiIrcE+sh8kZMaM0WllQKLI9rOUq6c2b7cwPkXdzfQESqvoqK6ug7U/Yyzug==",
      "optional": true
    },
    "tslib": {
      "version": "2.3.1",
      "resolved": "https://registry.npmjs.org/tslib/-/tslib-2.3.1.tgz",
      "integrity": "sha512-77EbyPPpMz+FRFRuAFlWMtmgUWGe9UOG2Z25NqCwiIjRhOf5iKGuzSe5P2w1laq+FkRy4p+PCuVkJSGkzTEKVw=="
    }
  }
}
